
Microsoft Visual Studio Solution File, Format Version 12.00
# Visual Studio 15
VisualStudioVersion = 15.0.27428.1
MinimumVisualStudioVersion = 10.0.40219.1
Project("{A0786B88-2ADB-4C21-ABE8-AA2D79766269}") = "Muz", "Muz\Muz.phpproj", "{B70EB170-119E-4C9E-ABF1-6D1FE9709460}"
EndProject
Global
	GlobalSection(SolutionConfigurationPlatforms) = preSolution
		Debug|Any CPU = Debug|Any CPU
		Release|Any CPU = Release|Any CPU
	EndGlobalSection
	GlobalSection(ProjectConfigurationPlatforms) = postSolution
		{B70EB170-119E-4C9E-ABF1-6D1FE9709460}.Debug|Any CPU.ActiveCfg = Debug|Any CPU
		{B70EB170-119E-4C9E-ABF1-6D1FE9709460}.Release|Any CPU.ActiveCfg = Release|Any CPU
	EndGlobalSection
	GlobalSection(SolutionProperties) = preSolution
		HideSolutionNode = FALSE
	EndGlobalSection
	GlobalSection(ExtensibilityGlobals) = postSolution
		SolutionGuid = {1984071D-060B-4492-8779-18090AB70894}
	EndGlobalSection
EndGlobal
